
Microsoft Visual Studio Solution File, Format Version 12.00
# Visual Studio Version 17
VisualStudioVersion = 17.14.36414.22
MinimumVisualStudioVersion = 10.0.40219.1
Project("{FAE04EC0-301F-11D3-BF4B-00C04F79EFBC}") = "CLI.MedicalPracticeManagement", "CLI.MedicalPracticeManagement\CLI.MedicalPracticeManagement.csproj", "{960DEC9C-A836-4782-9B48-B06873013258}"
EndProject
Project("{FAE04EC0-301F-11D3-BF4B-00C04F79EFBC}") = "Library.MedicalPractice", "Library.MedicalPractice\Library.MedicalPractice.csproj", "{431C7107-D04A-4C1A-B1BD-CE085E7213AE}"
EndProject
Project("{FAE04EC0-301F-11D3-BF4B-00C04F79EFBC}") = "Maui.MedicalPracticeManagement", "Maui.MedicalPracticeManagement\Maui.MedicalPracticeManagement.csproj", "{5A6F1141-2077-4B80-8BD6-2B8E761F5505}"
EndProject
Project("{FAE04EC0-301F-11D3-BF4B-00C04F79EFBC}") = "API.MedicalPracticeManagement", "API.MedicalPracticeManagement\API.MedicalPracticeManagement.csproj", "{735CFEAD-995D-4826-963A-EFED480CC9FD}"
EndProject
Global
	GlobalSection(SolutionConfigurationPlatforms) = preSolution
		Debug|Any CPU = Debug|Any CPU
		Release|Any CPU = Release|Any CPU
	EndGlobalSection
	GlobalSection(ProjectConfigurationPlatforms) = postSolution
		{960DEC9C-A836-4782-9B48-B06873013258}.Debug|Any CPU.ActiveCfg = Debug|Any CPU
		{960DEC9C-A836-4782-9B48-B06873013258}.Debug|Any CPU.Build.0 = Debug|Any CPU
		{960DEC9C-A836-4782-9B48-B06873013258}.Release|Any CPU.ActiveCfg = Release|Any CPU
		{960DEC9C-A836-4782-9B48-B06873013258}.Release|Any CPU.Build.0 = Release|Any CPU
		{431C7107-D04A-4C1A-B1BD-CE085E7213AE}.Debug|Any CPU.ActiveCfg = Debug|Any CPU
		{431C7107-D04A-4C1A-B1BD-CE085E7213AE}.Debug|Any CPU.Build.0 = Debug|Any CPU
		{431C7107-D04A-4C1A-B1BD-CE085E7213AE}.Release|Any CPU.ActiveCfg = Release|Any CPU
		{431C7107-D04A-4C1A-B1BD-CE085E7213AE}.Release|Any CPU.Build.0 = Release|Any CPU
		{5A6F1141-2077-4B80-8BD6-2B8E761F5505}.Debug|Any CPU.ActiveCfg = Debug|Any CPU
		{5A6F1141-2077-4B80-8BD6-2B8E761F5505}.Debug|Any CPU.Build.0 = Debug|Any CPU
		{5A6F1141-2077-4B80-8BD6-2B8E761F5505}.Debug|Any CPU.Deploy.0 = Debug|Any CPU
		{5A6F1141-2077-4B80-8BD6-2B8E761F5505}.Release|Any CPU.ActiveCfg = Release|Any CPU
		{5A6F1141-2077-4B80-8BD6-2B8E761F5505}.Release|Any CPU.Build.0 = Release|Any CPU
		{5A6F1141-2077-4B80-8BD6-2B8E761F5505}.Release|Any CPU.Deploy.0 = Release|Any CPU
		{735CFEAD-995D-4826-963A-EFED480CC9FD}.Debug|Any CPU.ActiveCfg = Debug|Any CPU
		{735CFEAD-995D-4826-963A-EFED480CC9FD}.Debug|Any CPU.Build.0 = Debug|Any CPU
		{735CFEAD-995D-4826-963A-EFED480CC9FD}.Release|Any CPU.ActiveCfg = Release|Any CPU
		{735CFEAD-995D-4826-963A-EFED480CC9FD}.Release|Any CPU.Build.0 = Release|Any CPU
	EndGlobalSection
	GlobalSection(SolutionProperties) = preSolution
		HideSolutionNode = FALSE
	EndGlobalSection
	GlobalSection(ExtensibilityGlobals) = postSolution
		SolutionGuid = {9F9AE7B0-D8DE-4800-9095-3822F49E6E46}
	EndGlobalSection
EndGlobal
